
Microsoft Visual Studio Solution File, Format Version 12.00
# Visual Studio for Mac
Project("{FAE04EC0-301F-11D3-BF4B-00C04F79EFBC}") = "Assembly-CSharp", "Assembly-CSharp.csproj", "{CACA940C-B278-9CC0-EF2A-51035D347A34}"
EndProject
Project("{FAE04EC0-301F-11D3-BF4B-00C04F79EFBC}") = "Assembly-CSharp-Editor", "Assembly-CSharp-Editor.csproj", "{91128055-C1F7-1939-8EE7-0F5FDF70E090}"
EndProject
Global
	GlobalSection(SolutionConfigurationPlatforms) = preSolution
		Debug|Any CPU = Debug|Any CPU
		Release|Any CPU = Release|Any CPU
	EndGlobalSection
	GlobalSection(ProjectConfigurationPlatforms) = postSolution
		{CACA940C-B278-9CC0-EF2A-51035D347A34}.Debug|Any CPU.ActiveCfg = Debug|Any CPU
		{CACA940C-B278-9CC0-EF2A-51035D347A34}.Debug|Any CPU.Build.0 = Debug|Any CPU
		{CACA940C-B278-9CC0-EF2A-51035D347A34}.Release|Any CPU.ActiveCfg = Release|Any CPU
		{CACA940C-B278-9CC0-EF2A-51035D347A34}.Release|Any CPU.Build.0 = Release|Any CPU
		{91128055-C1F7-1939-8EE7-0F5FDF70E090}.Debug|Any CPU.ActiveCfg = Debug|Any CPU
		{91128055-C1F7-1939-8EE7-0F5FDF70E090}.Debug|Any CPU.Build.0 = Debug|Any CPU
		{91128055-C1F7-1939-8EE7-0F5FDF70E090}.Release|Any CPU.ActiveCfg = Release|Any CPU
		{91128055-C1F7-1939-8EE7-0F5FDF70E090}.Release|Any CPU.Build.0 = Release|Any CPU
	EndGlobalSection
	GlobalSection(SolutionProperties) = preSolution
		HideSolutionNode = FALSE
	EndGlobalSection
EndGlobal
